
Microsoft Visual Studio Solution File, Format Version 12.00
# Visual Studio Version 17
VisualStudioVersion = 17.5.33627.172
MinimumVisualStudioVersion = 10.0.40219.1
Project("{9A19103F-16F7-4668-BE54-9A1E7A4F7556}") = "FlightPlanner_ASPNET", "FlightPlanner_ASPNET.csproj", "{626E110E-66AF-43D2-AFC1-012B4FE0B6B2}"
EndProject
Project("{9A19103F-16F7-4668-BE54-9A1E7A4F7556}") = "FlightPlanner.Core", "..\FlightPlanner.Core\FlightPlanner.Core.csproj", "{10C07234-D2F9-47D2-934A-AD05BF9B88BB}"
EndProject
Project("{9A19103F-16F7-4668-BE54-9A1E7A4F7556}") = "FlightPlanner.Data", "..\FlightPlanner.Data\FlightPlanner.Data.csproj", "{683CCCE0-AC09-4504-8BCD-E1579B629BDC}"
EndProject
Project("{9A19103F-16F7-4668-BE54-9A1E7A4F7556}") = "FlightPlanner.Services", "..\FlightPlanner.Services\FlightPlanner.Services.csproj", "{D24D0C1B-58B7-4937-A0C8-CC7C349FD469}"
EndProject
Global
	GlobalSection(SolutionConfigurationPlatforms) = preSolution
		Debug|Any CPU = Debug|Any CPU
		Release|Any CPU = Release|Any CPU
	EndGlobalSection
	GlobalSection(ProjectConfigurationPlatforms) = postSolution
		{626E110E-66AF-43D2-AFC1-012B4FE0B6B2}.Debug|Any CPU.ActiveCfg = Debug|Any CPU
		{626E110E-66AF-43D2-AFC1-012B4FE0B6B2}.Debug|Any CPU.Build.0 = Debug|Any CPU
		{626E110E-66AF-43D2-AFC1-012B4FE0B6B2}.Release|Any CPU.ActiveCfg = Release|Any CPU
		{626E110E-66AF-43D2-AFC1-012B4FE0B6B2}.Release|Any CPU.Build.0 = Release|Any CPU
		{10C07234-D2F9-47D2-934A-AD05BF9B88BB}.Debug|Any CPU.ActiveCfg = Debug|Any CPU
		{10C07234-D2F9-47D2-934A-AD05BF9B88BB}.Debug|Any CPU.Build.0 = Debug|Any CPU
		{10C07234-D2F9-47D2-934A-AD05BF9B88BB}.Release|Any CPU.ActiveCfg = Release|Any CPU
		{10C07234-D2F9-47D2-934A-AD05BF9B88BB}.Release|Any CPU.Build.0 = Release|Any CPU
		{683CCCE0-AC09-4504-8BCD-E1579B629BDC}.Debug|Any CPU.ActiveCfg = Debug|Any CPU
		{683CCCE0-AC09-4504-8BCD-E1579B629BDC}.Debug|Any CPU.Build.0 = Debug|Any CPU
		{683CCCE0-AC09-4504-8BCD-E1579B629BDC}.Release|Any CPU.ActiveCfg = Release|Any CPU
		{683CCCE0-AC09-4504-8BCD-E1579B629BDC}.Release|Any CPU.Build.0 = Release|Any CPU
		{D24D0C1B-58B7-4937-A0C8-CC7C349FD469}.Debug|Any CPU.ActiveCfg = Debug|Any CPU
		{D24D0C1B-58B7-4937-A0C8-CC7C349FD469}.Debug|Any CPU.Build.0 = Debug|Any CPU
		{D24D0C1B-58B7-4937-A0C8-CC7C349FD469}.Release|Any CPU.ActiveCfg = Release|Any CPU
		{D24D0C1B-58B7-4937-A0C8-CC7C349FD469}.Release|Any CPU.Build.0 = Release|Any CPU
	EndGlobalSection
	GlobalSection(SolutionProperties) = preSolution
		HideSolutionNode = FALSE
	EndGlobalSection
	GlobalSection(ExtensibilityGlobals) = postSolution
		SolutionGuid = {D2F2547D-D273-43F1-911D-5F908F6A4A95}
	EndGlobalSection
EndGlobal
